
Microsoft Visual Studio Solution File, Format Version 12.00
# Visual Studio Version 16
VisualStudioVersion = 16.0.31424.327
MinimumVisualStudioVersion = 10.0.40219.1
Project("{FAE04EC0-301F-11D3-BF4B-00C04F79EFBC}") = "GC_MovieAPILab_7.18.21", "GC_MovieAPILab_7.18.21\GC_MovieAPILab_7.18.21.csproj", "{79EA989B-B72F-4508-8301-42B9B25BCDFE}"
EndProject
Project("{FAE04EC0-301F-11D3-BF4B-00C04F79EFBC}") = "MovieAPIs", "MovieAPIs\MovieAPIs.csproj", "{68652472-7FE1-476D-A502-562A4EE04400}"
EndProject
Global
	GlobalSection(SolutionConfigurationPlatforms) = preSolution
		Debug|Any CPU = Debug|Any CPU
		Release|Any CPU = Release|Any CPU
	EndGlobalSection
	GlobalSection(ProjectConfigurationPlatforms) = postSolution
		{79EA989B-B72F-4508-8301-42B9B25BCDFE}.Debug|Any CPU.ActiveCfg = Debug|Any CPU
		{79EA989B-B72F-4508-8301-42B9B25BCDFE}.Debug|Any CPU.Build.0 = Debug|Any CPU
		{79EA989B-B72F-4508-8301-42B9B25BCDFE}.Release|Any CPU.ActiveCfg = Release|Any CPU
		{79EA989B-B72F-4508-8301-42B9B25BCDFE}.Release|Any CPU.Build.0 = Release|Any CPU
		{68652472-7FE1-476D-A502-562A4EE04400}.Debug|Any CPU.ActiveCfg = Debug|Any CPU
		{68652472-7FE1-476D-A502-562A4EE04400}.Debug|Any CPU.Build.0 = Debug|Any CPU
		{68652472-7FE1-476D-A502-562A4EE04400}.Release|Any CPU.ActiveCfg = Release|Any CPU
		{68652472-7FE1-476D-A502-562A4EE04400}.Release|Any CPU.Build.0 = Release|Any CPU
	EndGlobalSection
	GlobalSection(SolutionProperties) = preSolution
		HideSolutionNode = FALSE
	EndGlobalSection
	GlobalSection(ExtensibilityGlobals) = postSolution
		SolutionGuid = {97211B40-BDED-44CF-9D5F-876376BBEF61}
	EndGlobalSection
EndGlobal
